PODS:
  - CocoaAsyncSocket (7.3.1)
  - CocoaHTTPServer (2.3):
    - CocoaAsyncSocket
    - CocoaLumberjack
  - CocoaLumberjack (1.6.2)
  - MASShortcut (1.2.2)

DEPENDENCIES:
  - CocoaHTTPServer (~> 2.3)
  - MASShortcut (~> 1.2.2)

SPEC CHECKSUMS:
  CocoaAsyncSocket: 6e59036ecae1e93d6c78f5766149983ceac558ba
  CocoaHTTPServer: eaa3f57a0670c0d779ec0f118466c6ec3b901d6d
  CocoaLumberjack: d73e1e317ced14ab930797dda6c17156ff17aaa1
  MASShortcut: af4a6217908c78a271deeafa2b9631c69f3fdb46

COCOAPODS: 0.24.0
