// !$*UTF8*$!
{
	archiveVersion = 1;
	classes = {
	};
	objectVersion = 46;
	objects = {

/* Begin PBXBuildFile section */
		830D406B17AA0D9100ECA8A9 /* alipay-logo.png in Resources */ = {isa = PBXBuildFile; fileRef = 830D406A17AA0D9100ECA8A9 /* alipay-logo.png */; };
		830D407317AA23A000ECA8A9 /* left.png in Resources */ = {isa = PBXBuildFile; fileRef = 830D407217AA23A000ECA8A9 /* left.png */; };
		830D407517AA23A800ECA8A9 /* right.png in Resources */ = {isa = PBXBuildFile; fileRef = 830D407417AA23A800ECA8A9 /* right.png */; };
		8315747817A8BC3200EB5CE0 /* .gitignore in Resources */ = {isa = PBXBuildFile; fileRef = 8315746B17A8BC3200EB5CE0 /* .gitignore */; };
		8315747917A8BC3200EB5CE0 /* LICENSE in Resources */ = {isa = PBXBuildFile; fileRef = 8315746C17A8BC3200EB5CE0 /* LICENSE */; };
		8315747A17A8BC3200EB5CE0 /* MASShortcut+Monitoring.m in Sources */ = {isa = PBXBuildFile; fileRef = 8315746E17A8BC3200EB5CE0 /* MASShortcut+Monitoring.m */; };
		8315747B17A8BC3200EB5CE0 /* MASShortcut+UserDefaults.m in Sources */ = {isa = PBXBuildFile; fileRef = 8315747017A8BC3200EB5CE0 /* MASShortcut+UserDefaults.m */; };
		8315747C17A8BC3200EB5CE0 /* MASShortcut.m in Sources */ = {isa = PBXBuildFile; fileRef = 8315747217A8BC3200EB5CE0 /* MASShortcut.m */; };
		8315747D17A8BC3200EB5CE0 /* MASShortcutView+UserDefaults.m in Sources */ = {isa = PBXBuildFile; fileRef = 8315747417A8BC3200EB5CE0 /* MASShortcutView+UserDefaults.m */; };
		8315747E17A8BC3200EB5CE0 /* MASShortcutView.m in Sources */ = {isa = PBXBuildFile; fileRef = 8315747617A8BC3200EB5CE0 /* MASShortcutView.m */; };
		8315747F17A8BC3200EB5CE0 /* README.md in Resources */ = {isa = PBXBuildFile; fileRef = 8315747717A8BC3200EB5CE0 /* README.md */; };
		832643D317D9CF130080228D /* local.js in Resources */ = {isa = PBXBuildFile; fileRef = 835DE7B517D5E40E00430263 /* local.js */; };
		835DE7B217D5B4E300430263 /* NSUserDefaults+IntValue.m in Sources */ = {isa = PBXBuildFile; fileRef = 835DE7B117D5B4E300430263 /* NSUserDefaults+IntValue.m */; };
		835DE7B717D6FE6500430263 /* Sparkle.framework in Frameworks */ = {isa = PBXBuildFile; fileRef = 835DE7B617D6FE6500430263 /* Sparkle.framework */; };
		83676D8C17A64844008B88EF /* InfoPlist.strings in Resources */ = {isa = PBXBuildFile; fileRef = 83676D8A17A64844008B88EF /* InfoPlist.strings */; };
		83676D8E17A64844008B88EF /* main.m in Sources */ = {isa = PBXBuildFile; fileRef = 83676D8D17A64844008B88EF /* main.m */; };
		83676D9217A64844008B88EF /* Credits.rtf in Resources */ = {isa = PBXBuildFile; fileRef = 83676D9017A64844008B88EF /* Credits.rtf */; };
		83676D9517A64844008B88EF /* AZAppDelegate.m in Sources */ = {isa = PBXBuildFile; fileRef = 83676D9417A64844008B88EF /* AZAppDelegate.m */; };
		83676D9817A64844008B88EF /* MainMenu.xib in Resources */ = {isa = PBXBuildFile; fileRef = 83676D9617A64844008B88EF /* MainMenu.xib */; };
		83676D9A17A64844008B88EF /* Images.xcassets in Resources */ = {isa = PBXBuildFile; fileRef = 83676D9917A64844008B88EF /* Images.xcassets */; };
		83676DA117A64844008B88EF /* XCTest.framework in Frameworks */ = {isa = PBXBuildFile; fileRef = 83676DA017A64844008B88EF /* XCTest.framework */; };
		83676DA217A64844008B88EF /* Cocoa.framework in Frameworks */ = {isa = PBXBuildFile; fileRef = 83676D8117A64844008B88EF /* Cocoa.framework */; };
		83676DAA17A64844008B88EF /* InfoPlist.strings in Resources */ = {isa = PBXBuildFile; fileRef = 83676DA817A64844008B88EF /* InfoPlist.strings */; };
		83676DAC17A64844008B88EF /* WeixinTests.m in Sources */ = {isa = PBXBuildFile; fileRef = 83676DAB17A64844008B88EF /* WeixinTests.m */; };
		83676DB617A65DC5008B88EF /* WebKit.framework in Frameworks */ = {isa = PBXBuildFile; fileRef = 83676DB517A65DC5008B88EF /* WebKit.framework */; };
		8371A38C17CDECD8002DC13F /* libxml2.2.dylib in Frameworks */ = {isa = PBXBuildFile; fileRef = 8371A38B17CDECD8002DC13F /* libxml2.2.dylib */; };
		8371A38D17CDED0C002DC13F /* Cocoa.framework in Frameworks */ = {isa = PBXBuildFile; fileRef = 83676D8117A64844008B88EF /* Cocoa.framework */; };
		8371A39017CDF5DA002DC13F /* Security.framework in Frameworks */ = {isa = PBXBuildFile; fileRef = 8371A38F17CDF5DA002DC13F /* Security.framework */; };
		8371A39217CF5556002DC13F /* The_Garden_of_Words.bpack in Resources */ = {isa = PBXBuildFile; fileRef = 8371A39117CF5556002DC13F /* The_Garden_of_Words.bpack */; };
		83845BD117D6FF7C00F1C6F9 /* Sparkle.framework in CopyFiles */ = {isa = PBXBuildFile; fileRef = 835DE7B617D6FE6500430263 /* Sparkle.framework */; };
		83845BD317D7002B00F1C6F9 /* dsa_pub.pem in Resources */ = {isa = PBXBuildFile; fileRef = 83845BD217D7002B00F1C6F9 /* dsa_pub.pem */; };
		83A3A72317D4AC940095426C /* NSButton+Style.m in Sources */ = {isa = PBXBuildFile; fileRef = 83A3A72217D4AC940095426C /* NSButton+Style.m */; };
		83ABF34317D06DDF00C00BDE /* xiaodao.jpg in Resources */ = {isa = PBXBuildFile; fileRef = 83ABF34217D06DDF00C00BDE /* xiaodao.jpg */; };
		83E5562117AA57B800872BD9 /* AZThemeManager.m in Sources */ = {isa = PBXBuildFile; fileRef = 832251AE17AA45FE0078694F /* AZThemeManager.m */; };
		83F8066E17AF6FD1005A492B /* .gitignore in Resources */ = {isa = PBXBuildFile; fileRef = 83F8055F17AF6FCF005A492B /* .gitignore */; };
		83F8066F17AF6FD1005A492B /* .hgignore in Resources */ = {isa = PBXBuildFile; fileRef = 83F8056017AF6FCF005A492B /* .hgignore */; };
		83F8067017AF6FD1005A492B /* DDData.m in Sources */ = {isa = PBXBuildFile; fileRef = 83F8056417AF6FCF005A492B /* DDData.m */; };
		83F8067117AF6FD1005A492B /* DDNumber.m in Sources */ = {isa = PBXBuildFile; fileRef = 83F8056617AF6FCF005A492B /* DDNumber.m */; };
		83F8067217AF6FD1005A492B /* DDRange.m in Sources */ = {isa = PBXBuildFile; fileRef = 83F8056817AF6FCF005A492B /* DDRange.m */; };
		83F8067317AF6FD1005A492B /* HTTPAuthenticationRequest.m in Sources */ = {isa = PBXBuildFile; fileRef = 83F8056A17AF6FCF005A492B /* HTTPAuthenticationRequest.m */; };
		83F8067417AF6FD1005A492B /* HTTPConnection.m in Sources */ = {isa = PBXBuildFile; fileRef = 83F8056C17AF6FCF005A492B /* HTTPConnection.m */; };
		83F8067517AF6FD1005A492B /* HTTPMessage.m in Sources */ = {isa = PBXBuildFile; fileRef = 83F8056F17AF6FCF005A492B /* HTTPMessage.m */; };
		83F8067617AF6FD1005A492B /* HTTPServer.m in Sources */ = {isa = PBXBuildFile; fileRef = 83F8057217AF6FCF005A492B /* HTTPServer.m */; };
		83F8067717AF6FD1005A492B /* MultipartFormDataParser.m in Sources */ = {isa = PBXBuildFile; fileRef = 83F8057517AF6FCF005A492B /* MultipartFormDataParser.m */; };
		83F8067817AF6FD1005A492B /* MultipartMessageHeader.m in Sources */ = {isa = PBXBuildFile; fileRef = 83F8057717AF6FCF005A492B /* MultipartMessageHeader.m */; };
		83F8067917AF6FD1005A492B /* MultipartMessageHeaderField.m in Sources */ = {isa = PBXBuildFile; fileRef = 83F8057917AF6FCF005A492B /* MultipartMessageHeaderField.m */; };
		83F8067A17AF6FD1005A492B /* HTTPAsyncFileResponse.m in Sources */ = {isa = PBXBuildFile; fileRef = 83F8057C17AF6FCF005A492B /* HTTPAsyncFileResponse.m */; };
		83F8067B17AF6FD1005A492B /* HTTPDataResponse.m in Sources */ = {isa = PBXBuildFile; fileRef = 83F8057E17AF6FCF005A492B /* HTTPDataResponse.m */; };
		83F8067C17AF6FD1005A492B /* HTTPDynamicFileResponse.m in Sources */ = {isa = PBXBuildFile; fileRef = 83F8058017AF6FCF005A492B /* HTTPDynamicFileResponse.m */; };
		83F8067D17AF6FD1005A492B /* HTTPErrorResponse.m in Sources */ = {isa = PBXBuildFile; fileRef = 83F8058217AF6FCF005A492B /* HTTPErrorResponse.m */; };
		83F8067E17AF6FD1005A492B /* HTTPFileResponse.m in Sources */ = {isa = PBXBuildFile; fileRef = 83F8058417AF6FCF005A492B /* HTTPFileResponse.m */; };
		83F8067F17AF6FD1005A492B /* HTTPRedirectResponse.m in Sources */ = {isa = PBXBuildFile; fileRef = 83F8058617AF6FCF005A492B /* HTTPRedirectResponse.m */; };
		83F8068017AF6FD1005A492B /* WebSocket.m in Sources */ = {isa = PBXBuildFile; fileRef = 83F8058817AF6FCF005A492B /* WebSocket.m */; };
		83F8068117AF6FD1005A492B /* DAVConnection.m in Sources */ = {isa = PBXBuildFile; fileRef = 83F8058C17AF6FCF005A492B /* DAVConnection.m */; };
		83F8068217AF6FD1005A492B /* DAVResponse.m in Sources */ = {isa = PBXBuildFile; fileRef = 83F8058E17AF6FCF005A492B /* DAVResponse.m */; };
		83F8068317AF6FD1005A492B /* DELETEResponse.m in Sources */ = {isa = PBXBuildFile; fileRef = 83F8059017AF6FCF005A492B /* DELETEResponse.m */; };
		83F8068417AF6FD1005A492B /* PUTResponse.m in Sources */ = {isa = PBXBuildFile; fileRef = 83F8059217AF6FCF005A492B /* PUTResponse.m */; };
		83F8068517AF6FD1005A492B /* LICENSE.txt in Resources */ = {isa = PBXBuildFile; fileRef = 83F8059317AF6FCF005A492B /* LICENSE.txt */; };
		83F8068617AF6FD1005A492B /* README.markdown in Resources */ = {isa = PBXBuildFile; fileRef = 83F8059417AF6FCF005A492B /* README.markdown */; };
		83F806E217AF6FD1005A492B /* About.txt in Resources */ = {isa = PBXBuildFile; fileRef = 83F8065917AF6FD1005A492B /* About.txt */; };
		83F806E317AF6FD1005A492B /* GCDAsyncSocket.m in Sources */ = {isa = PBXBuildFile; fileRef = 83F8065B17AF6FD1005A492B /* GCDAsyncSocket.m */; };
		83F806E417AF6FD1005A492B /* About.txt in Resources */ = {isa = PBXBuildFile; fileRef = 83F8065D17AF6FD1005A492B /* About.txt */; };
		83F806E517AF6FD1005A492B /* DDAbstractDatabaseLogger.m in Sources */ = {isa = PBXBuildFile; fileRef = 83F8065F17AF6FD1005A492B /* DDAbstractDatabaseLogger.m */; };
		83F806E617AF6FD1005A492B /* DDASLLogger.m in Sources */ = {isa = PBXBuildFile; fileRef = 83F8066117AF6FD1005A492B /* DDASLLogger.m */; };
		83F806E717AF6FD1005A492B /* DDFileLogger.m in Sources */ = {isa = PBXBuildFile; fileRef = 83F8066317AF6FD1005A492B /* DDFileLogger.m */; };
		83F806E817AF6FD1005A492B /* DDLog.m in Sources */ = {isa = PBXBuildFile; fileRef = 83F8066517AF6FD1005A492B /* DDLog.m */; };
		83F806E917AF6FD1005A492B /* DDTTYLogger.m in Sources */ = {isa = PBXBuildFile; fileRef = 83F8066717AF6FD1005A492B /* DDTTYLogger.m */; };
		83F806EA17AF6FD1005A492B /* ContextFilterLogFormatter.m in Sources */ = {isa = PBXBuildFile; fileRef = 83F8066A17AF6FD1005A492B /* ContextFilterLogFormatter.m */; };
		83F806EB17AF6FD1005A492B /* DispatchQueueLogFormatter.m in Sources */ = {isa = PBXBuildFile; fileRef = 83F8066C17AF6FD1005A492B /* DispatchQueueLogFormatter.m */; };
		83F806EC17AF6FD1005A492B /* README.txt in Resources */ = {isa = PBXBuildFile; fileRef = 83F8066D17AF6FD1005A492B /* README.txt */; };
/* End PBXBuildFile section */

/* Begin PBXContainerItemProxy section */
		83676DA317A64844008B88EF /* PBXContainerItemProxy */ = {
			isa = PBXContainerItemProxy;
			containerPortal = 83676D7617A64844008B88EF /* Project object */;
			proxyType = 1;
			remoteGlobalIDString = 83676D7D17A64844008B88EF;
			remoteInfo = Weixin;
		};
/* End PBXContainerItemProxy section */

/* Begin PBXCopyFilesBuildPhase section */
		83845BD017D6FF6B00F1C6F9 /* CopyFiles */ = {
			isa = PBXCopyFilesBuildPhase;
			buildActionMask = 2147483647;
			dstPath = "";
			dstSubfolderSpec = 10;
			files = (
				83845BD117D6FF7C00F1C6F9 /* Sparkle.framework in CopyFiles */,
			);
			runOnlyForDeploymentPostprocessing = 0;
		};
/* End PBXCopyFilesBuildPhase section */

/* Begin PBXFileReference section */
		830D406A17AA0D9100ECA8A9 /* alipay-logo.png */ = {isa = PBXFileReference; lastKnownFileType = image.png; path = "alipay-logo.png"; sourceTree = "<group>"; };
		830D407217AA23A000ECA8A9 /* left.png */ = {isa = PBXFileReference; lastKnownFileType = image.png; path = left.png; sourceTree = "<group>"; };
		830D407417AA23A800ECA8A9 /* right.png */ = {isa = PBXFileReference; lastKnownFileType = image.png; path = right.png; sourceTree = "<group>"; };
		8315746B17A8BC3200EB5CE0 /* .gitignore */ = {isa = PBXFileReference; fileEncoding = 4; lastKnownFileType = text; path = .gitignore; sourceTree = "<group>"; };
		8315746C17A8BC3200EB5CE0 /* LICENSE */ = {isa = PBXFileReference; fileEncoding = 4; lastKnownFileType = text; path = LICENSE; sourceTree = "<group>"; };
		8315746D17A8BC3200EB5CE0 /* MASShortcut+Monitoring.h */ = {isa = PBXFileReference; fileEncoding = 4; lastKnownFileType = sourcecode.c.h; path = "MASShortcut+Monitoring.h"; sourceTree = "<group>"; };
		8315746E17A8BC3200EB5CE0 /* MASShortcut+Monitoring.m */ = {isa = PBXFileReference; fileEncoding = 4; lastKnownFileType = sourcecode.c.objc; path = "MASShortcut+Monitoring.m"; sourceTree = "<group>"; };
		8315746F17A8BC3200EB5CE0 /* MASShortcut+UserDefaults.h */ = {isa = PBXFileReference; fileEncoding = 4; lastKnownFileType = sourcecode.c.h; path = "MASShortcut+UserDefaults.h"; sourceTree = "<group>"; };
		8315747017A8BC3200EB5CE0 /* MASShortcut+UserDefaults.m */ = {isa = PBXFileReference; fileEncoding = 4; lastKnownFileType = sourcecode.c.objc; path = "MASShortcut+UserDefaults.m"; sourceTree = "<group>"; };
		8315747117A8BC3200EB5CE0 /* MASShortcut.h */ = {isa = PBXFileReference; fileEncoding = 4; lastKnownFileType = sourcecode.c.h; path = MASShortcut.h; sourceTree = "<group>"; };
		8315747217A8BC3200EB5CE0 /* MASShortcut.m */ = {isa = PBXFileReference; fileEncoding = 4; lastKnownFileType = sourcecode.c.objc; path = MASShortcut.m; sourceTree = "<group>"; };
		8315747317A8BC3200EB5CE0 /* MASShortcutView+UserDefaults.h */ = {isa = PBXFileReference; fileEncoding = 4; lastKnownFileType = sourcecode.c.h; path = "MASShortcutView+UserDefaults.h"; sourceTree = "<group>"; };
		8315747417A8BC3200EB5CE0 /* MASShortcutView+UserDefaults.m */ = {isa = PBXFileReference; fileEncoding = 4; lastKnownFileType = sourcecode.c.objc; path = "MASShortcutView+UserDefaults.m"; sourceTree = "<group>"; };
		8315747517A8BC3200EB5CE0 /* MASShortcutView.h */ = {isa = PBXFileReference; fileEncoding = 4; lastKnownFileType = sourcecode.c.h; path = MASShortcutView.h; sourceTree = "<group>"; };
		8315747617A8BC3200EB5CE0 /* MASShortcutView.m */ = {isa = PBXFileReference; fileEncoding = 4; lastKnownFileType = sourcecode.c.objc; path = MASShortcutView.m; sourceTree = "<group>"; };
		8315747717A8BC3200EB5CE0 /* README.md */ = {isa = PBXFileReference; fileEncoding = 4; lastKnownFileType = text; path = README.md; sourceTree = "<group>"; };
		8315748017A8C99500EB5CE0 /* iTunes.h */ = {isa = PBXFileReference; fileEncoding = 4; lastKnownFileType = sourcecode.c.h; path = iTunes.h; sourceTree = SOURCE_ROOT; };
		832251AD17AA45FE0078694F /* AZThemeManager.h */ = {isa = PBXFileReference; lastKnownFileType = sourcecode.c.h; name = AZThemeManager.h; path = ../AZThemeManager.h; sourceTree = "<group>"; };
		832251AE17AA45FE0078694F /* AZThemeManager.m */ = {isa = PBXFileReference; lastKnownFileType = sourcecode.c.objc; name = AZThemeManager.m; path = ../AZThemeManager.m; sourceTree = "<group>"; };
		835DE7B017D5B4E300430263 /* NSUserDefaults+IntValue.h */ = {isa = PBXFileReference; fileEncoding = 4; lastKnownFileType = sourcecode.c.h; name = "NSUserDefaults+IntValue.h"; path = "Category/NSUserDefaults+IntValue.h"; sourceTree = "<group>"; };
		835DE7B117D5B4E300430263 /* NSUserDefaults+IntValue.m */ = {isa = PBXFileReference; fileEncoding = 4; lastKnownFileType = sourcecode.c.objc; name = "NSUserDefaults+IntValue.m"; path = "Category/NSUserDefaults+IntValue.m"; sourceTree = "<group>"; };
		835DE7B317D5D08A00430263 /* Cats.bpack */ = {isa = PBXFileReference; lastKnownFileType = folder; path = Cats.bpack; sourceTree = "<group>"; };
		835DE7B517D5E40E00430263 /* local.js */ = {isa = PBXFileReference; lastKnownFileType = sourcecode.javascript; path = local.js; sourceTree = "<group>"; };
		835DE7B617D6FE6500430263 /* Sparkle.framework */ = {isa = PBXFileReference; lastKnownFileType = wrapper.framework; path = Sparkle.framework; sourceTree = "<group>"; };
		83676D7E17A64844008B88EF /* Weixin.app */ = {isa = PBXFileReference; explicitFileType = wrapper.application; includeInIndex = 0; path = Weixin.app; sourceTree = BUILT_PRODUCTS_DIR; };
		83676D8117A64844008B88EF /* Cocoa.framework */ = {isa = PBXFileReference; lastKnownFileType = wrapper.framework; name = Cocoa.framework; path = System/Library/Frameworks/Cocoa.framework; sourceTree = SDKROOT; };
		83676D8417A64844008B88EF /* AppKit.framework */ = {isa = PBXFileReference; lastKnownFileType = wrapper.framework; name = AppKit.framework; path = System/Library/Frameworks/AppKit.framework; sourceTree = SDKROOT; };
		83676D8517A64844008B88EF /* CoreData.framework */ = {isa = PBXFileReference; lastKnownFileType = wrapper.framework; name = CoreData.framework; path = System/Library/Frameworks/CoreData.framework; sourceTree = SDKROOT; };
		83676D8617A64844008B88EF /* Foundation.framework */ = {isa = PBXFileReference; lastKnownFileType = wrapper.framework; name = Foundation.framework; path = System/Library/Frameworks/Foundation.framework; sourceTree = SDKROOT; };
		83676D8917A64844008B88EF /* Weixin-Info.plist */ = {isa = PBXFileReference; lastKnownFileType = text.plist.xml; path = "Weixin-Info.plist"; sourceTree = "<group>"; };
		83676D8B17A64844008B88EF /* en */ = {isa = PBXFileReference; lastKnownFileType = text.plist.strings; name = en; path = en.lproj/InfoPlist.strings; sourceTree = "<group>"; };
		83676D8D17A64844008B88EF /* main.m */ = {isa = PBXFileReference; lastKnownFileType = sourcecode.c.objc; path = main.m; sourceTree = "<group>"; };
		83676D8F17A64844008B88EF /* Weixin-Prefix.pch */ = {isa = PBXFileReference; lastKnownFileType = sourcecode.c.h; path = "Weixin-Prefix.pch"; sourceTree = "<group>"; };
		83676D9117A64844008B88EF /* en */ = {isa = PBXFileReference; lastKnownFileType = text.rtf; name = en; path = en.lproj/Credits.rtf; sourceTree = "<group>"; };
		83676D9317A64844008B88EF /* AZAppDelegate.h */ = {isa = PBXFileReference; lastKnownFileType = sourcecode.c.h; path = AZAppDelegate.h; sourceTree = "<group>"; };
		83676D9417A64844008B88EF /* AZAppDelegate.m */ = {isa = PBXFileReference; lastKnownFileType = sourcecode.c.objc; path = AZAppDelegate.m; sourceTree = "<group>"; };
		83676D9717A64844008B88EF /* Base */ = {isa = PBXFileReference; lastKnownFileType = file.xib; name = Base; path = Base.lproj/MainMenu.xib; sourceTree = "<group>"; };
		83676D9917A64844008B88EF /* Images.xcassets */ = {isa = PBXFileReference; lastKnownFileType = folder.assetcatalog; path = Images.xcassets; sourceTree = "<group>"; };
		83676D9F17A64844008B88EF /* WeixinTests.xctest */ = {isa = PBXFileReference; explicitFileType = wrapper.cfbundle; includeInIndex = 0; path = WeixinTests.xctest; sourceTree = BUILT_PRODUCTS_DIR; };
		83676DA017A64844008B88EF /* XCTest.framework */ = {isa = PBXFileReference; lastKnownFileType = wrapper.framework; name = XCTest.framework; path = Library/Frameworks/XCTest.framework; sourceTree = DEVELOPER_DIR; };
		83676DA717A64844008B88EF /* WeixinTests-Info.plist */ = {isa = PBXFileReference; lastKnownFileType = text.plist.xml; path = "WeixinTests-Info.plist"; sourceTree = "<group>"; };
		83676DA917A64844008B88EF /* en */ = {isa = PBXFileReference; lastKnownFileType = text.plist.strings; name = en; path = en.lproj/InfoPlist.strings; sourceTree = "<group>"; };
		83676DAB17A64844008B88EF /* WeixinTests.m */ = {isa = PBXFileReference; lastKnownFileType = sourcecode.c.objc; path = WeixinTests.m; sourceTree = "<group>"; };
		83676DB517A65DC5008B88EF /* WebKit.framework */ = {isa = PBXFileReference; lastKnownFileType = wrapper.framework; name = WebKit.framework; path = System/Library/Frameworks/WebKit.framework; sourceTree = SDKROOT; };
		8371A38B17CDECD8002DC13F /* libxml2.2.dylib */ = {isa = PBXFileReference; lastKnownFileType = "compiled.mach-o.dylib"; name = libxml2.2.dylib; path = usr/lib/libxml2.2.dylib; sourceTree = SDKROOT; };
		8371A38F17CDF5DA002DC13F /* Security.framework */ = {isa = PBXFileReference; lastKnownFileType = wrapper.framework; name = Security.framework; path = System/Library/Frameworks/Security.framework; sourceTree = SDKROOT; };
		8371A39117CF5556002DC13F /* The_Garden_of_Words.bpack */ = {isa = PBXFileReference; lastKnownFileType = folder; path = The_Garden_of_Words.bpack; sourceTree = "<group>"; };
		83845BD217D7002B00F1C6F9 /* dsa_pub.pem */ = {isa = PBXFileReference; fileEncoding = 4; lastKnownFileType = text; path = dsa_pub.pem; sourceTree = "<group>"; };
		83A3A72117D4AC940095426C /* NSButton+Style.h */ = {isa = PBXFileReference; fileEncoding = 4; lastKnownFileType = sourcecode.c.h; name = "NSButton+Style.h"; path = "Category/NSButton+Style.h"; sourceTree = "<group>"; };
		83A3A72217D4AC940095426C /* NSButton+Style.m */ = {isa = PBXFileReference; fileEncoding = 4; lastKnownFileType = sourcecode.c.objc; name = "NSButton+Style.m"; path = "Category/NSButton+Style.m"; sourceTree = "<group>"; };
		83ABF34217D06DDF00C00BDE /* xiaodao.jpg */ = {isa = PBXFileReference; lastKnownFileType = image.jpeg; path = xiaodao.jpg; sourceTree = "<group>"; };
		83EB85E017B3744C00B2574D /* libxml2.dylib */ = {isa = PBXFileReference; lastKnownFileType = "compiled.mach-o.dylib"; name = libxml2.dylib; path = usr/lib/libxml2.dylib; sourceTree = SDKROOT; };
		83F8055F17AF6FCF005A492B /* .gitignore */ = {isa = PBXFileReference; fileEncoding = 4; lastKnownFileType = text; path = .gitignore; sourceTree = "<group>"; };
		83F8056017AF6FCF005A492B /* .hgignore */ = {isa = PBXFileReference; fileEncoding = 4; lastKnownFileType = text; path = .hgignore; sourceTree = "<group>"; };
		83F8056317AF6FCF005A492B /* DDData.h */ = {isa = PBXFileReference; fileEncoding = 4; lastKnownFileType = sourcecode.c.h; path = DDData.h; sourceTree = "<group>"; };
		83F8056417AF6FCF005A492B /* DDData.m */ = {isa = PBXFileReference; fileEncoding = 4; lastKnownFileType = sourcecode.c.objc; path = DDData.m; sourceTree = "<group>"; };
		83F8056517AF6FCF005A492B /* DDNumber.h */ = {isa = PBXFileReference; fileEncoding = 4; lastKnownFileType = sourcecode.c.h; path = DDNumber.h; sourceTree = "<group>"; };
		83F8056617AF6FCF005A492B /* DDNumber.m */ = {isa = PBXFileReference; fileEncoding = 4; lastKnownFileType = sourcecode.c.objc; path = DDNumber.m; sourceTree = "<group>"; };
		83F8056717AF6FCF005A492B /* DDRange.h */ = {isa = PBXFileReference; fileEncoding = 4; lastKnownFileType = sourcecode.c.h; path = DDRange.h; sourceTree = "<group>"; };
		83F8056817AF6FCF005A492B /* DDRange.m */ = {isa = PBXFileReference; fileEncoding = 4; lastKnownFileType = sourcecode.c.objc; path = DDRange.m; sourceTree = "<group>"; };
		83F8056917AF6FCF005A492B /* HTTPAuthenticationRequest.h */ = {isa = PBXFileReference; fileEncoding = 4; lastKnownFileType = sourcecode.c.h; path = HTTPAuthenticationRequest.h; sourceTree = "<group>"; };
		83F8056A17AF6FCF005A492B /* HTTPAuthenticationRequest.m */ = {isa = PBXFileReference; fileEncoding = 4; lastKnownFileType = sourcecode.c.objc; path = HTTPAuthenticationRequest.m; sourceTree = "<group>"; };
		83F8056B17AF6FCF005A492B /* HTTPConnection.h */ = {isa = PBXFileReference; fileEncoding = 4; lastKnownFileType = sourcecode.c.h; path = HTTPConnection.h; sourceTree = "<group>"; };
		83F8056C17AF6FCF005A492B /* HTTPConnection.m */ = {isa = PBXFileReference; fileEncoding = 4; lastKnownFileType = sourcecode.c.objc; path = HTTPConnection.m; sourceTree = "<group>"; };
		83F8056D17AF6FCF005A492B /* HTTPLogging.h */ = {isa = PBXFileReference; fileEncoding = 4; lastKnownFileType = sourcecode.c.h; path = HTTPLogging.h; sourceTree = "<group>"; };
		83F8056E17AF6FCF005A492B /* HTTPMessage.h */ = {isa = PBXFileReference; fileEncoding = 4; lastKnownFileType = sourcecode.c.h; path = HTTPMessage.h; sourceTree = "<group>"; };
		83F8056F17AF6FCF005A492B /* HTTPMessage.m */ = {isa = PBXFileReference; fileEncoding = 4; lastKnownFileType = sourcecode.c.objc; path = HTTPMessage.m; sourceTree = "<group>"; };
		83F8057017AF6FCF005A492B /* HTTPResponse.h */ = {isa = PBXFileReference; fileEncoding = 4; lastKnownFileType = sourcecode.c.h; path = HTTPResponse.h; sourceTree = "<group>"; };
		83F8057117AF6FCF005A492B /* HTTPServer.h */ = {isa = PBXFileReference; fileEncoding = 4; lastKnownFileType = sourcecode.c.h; path = HTTPServer.h; sourceTree = "<group>"; };
		83F8057217AF6FCF005A492B /* HTTPServer.m */ = {isa = PBXFileReference; fileEncoding = 4; lastKnownFileType = sourcecode.c.objc; path = HTTPServer.m; sourceTree = "<group>"; };
		83F8057417AF6FCF005A492B /* MultipartFormDataParser.h */ = {isa = PBXFileReference; fileEncoding = 4; lastKnownFileType = sourcecode.c.h; path = MultipartFormDataParser.h; sourceTree = "<group>"; };
		83F8057517AF6FCF005A492B /* MultipartFormDataParser.m */ = {isa = PBXFileReference; fileEncoding = 4; lastKnownFileType = sourcecode.c.objc; path = MultipartFormDataParser.m; sourceTree = "<group>"; };
		83F8057617AF6FCF005A492B /* MultipartMessageHeader.h */ = {isa = PBXFileReference; fileEncoding = 4; lastKnownFileType = sourcecode.c.h; path = MultipartMessageHeader.h; sourceTree = "<group>"; };
		83F8057717AF6FCF005A492B /* MultipartMessageHeader.m */ = {isa = PBXFileReference; fileEncoding = 4; lastKnownFileType = sourcecode.c.objc; path = MultipartMessageHeader.m; sourceTree = "<group>"; };
		83F8057817AF6FCF005A492B /* MultipartMessageHeaderField.h */ = {isa = PBXFileReference; fileEncoding = 4; lastKnownFileType = sourcecode.c.h; path = MultipartMessageHeaderField.h; sourceTree = "<group>"; };
		83F8057917AF6FCF005A492B /* MultipartMessageHeaderField.m */ = {isa = PBXFileReference; fileEncoding = 4; lastKnownFileType = sourcecode.c.objc; path = MultipartMessageHeaderField.m; sourceTree = "<group>"; };
		83F8057B17AF6FCF005A492B /* HTTPAsyncFileResponse.h */ = {isa = PBXFileReference; fileEncoding = 4; lastKnownFileType = sourcecode.c.h; path = HTTPAsyncFileResponse.h; sourceTree = "<group>"; };
		83F8057C17AF6FCF005A492B /* HTTPAsyncFileResponse.m */ = {isa = PBXFileReference; fileEncoding = 4; lastKnownFileType = sourcecode.c.objc; path = HTTPAsyncFileResponse.m; sourceTree = "<group>"; };
		83F8057D17AF6FCF005A492B /* HTTPDataResponse.h */ = {isa = PBXFileReference; fileEncoding = 4; lastKnownFileType = sourcecode.c.h; path = HTTPDataResponse.h; sourceTree = "<group>"; };
		83F8057E17AF6FCF005A492B /* HTTPDataResponse.m */ = {isa = PBXFileReference; fileEncoding = 4; lastKnownFileType = sourcecode.c.objc; path = HTTPDataResponse.m; sourceTree = "<group>"; };
		83F8057F17AF6FCF005A492B /* HTTPDynamicFileResponse.h */ = {isa = PBXFileReference; fileEncoding = 4; lastKnownFileType = sourcecode.c.h; path = HTTPDynamicFileResponse.h; sourceTree = "<group>"; };
		83F8058017AF6FCF005A492B /* HTTPDynamicFileResponse.m */ = {isa = PBXFileReference; fileEncoding = 4; lastKnownFileType = sourcecode.c.objc; path = HTTPDynamicFileResponse.m; sourceTree = "<group>"; };
		83F8058117AF6FCF005A492B /* HTTPErrorResponse.h */ = {isa = PBXFileReference; fileEncoding = 4; lastKnownFileType = sourcecode.c.h; path = HTTPErrorResponse.h; sourceTree = "<group>"; };
		83F8058217AF6FCF005A492B /* HTTPErrorResponse.m */ = {isa = PBXFileReference; fileEncoding = 4; lastKnownFileType = sourcecode.c.objc; path = HTTPErrorResponse.m; sourceTree = "<group>"; };
		83F8058317AF6FCF005A492B /* HTTPFileResponse.h */ = {isa = PBXFileReference; fileEncoding = 4; lastKnownFileType = sourcecode.c.h; path = HTTPFileResponse.h; sourceTree = "<group>"; };
		83F8058417AF6FCF005A492B /* HTTPFileResponse.m */ = {isa = PBXFileReference; fileEncoding = 4; lastKnownFileType = sourcecode.c.objc; path = HTTPFileResponse.m; sourceTree = "<group>"; };
		83F8058517AF6FCF005A492B /* HTTPRedirectResponse.h */ = {isa = PBXFileReference; fileEncoding = 4; lastKnownFileType = sourcecode.c.h; path = HTTPRedirectResponse.h; sourceTree = "<group>"; };
		83F8058617AF6FCF005A492B /* HTTPRedirectResponse.m */ = {isa = PBXFileReference; fileEncoding = 4; lastKnownFileType = sourcecode.c.objc; path = HTTPRedirectResponse.m; sourceTree = "<group>"; };
		83F8058717AF6FCF005A492B /* WebSocket.h */ = {isa = PBXFileReference; fileEncoding = 4; lastKnownFileType = sourcecode.c.h; path = WebSocket.h; sourceTree = "<group>"; };
		83F8058817AF6FCF005A492B /* WebSocket.m */ = {isa = PBXFileReference; fileEncoding = 4; lastKnownFileType = sourcecode.c.objc; path = WebSocket.m; sourceTree = "<group>"; };
		83F8058B17AF6FCF005A492B /* DAVConnection.h */ = {isa = PBXFileReference; fileEncoding = 4; lastKnownFileType = sourcecode.c.h; path = DAVConnection.h; sourceTree = "<group>"; };
		83F8058C17AF6FCF005A492B /* DAVConnection.m */ = {isa = PBXFileReference; fileEncoding = 4; lastKnownFileType = sourcecode.c.objc; path = DAVConnection.m; sourceTree = "<group>"; };
		83F8058D17AF6FCF005A492B /* DAVResponse.h */ = {isa = PBXFileReference; fileEncoding = 4; lastKnownFileType = sourcecode.c.h; path = DAVResponse.h; sourceTree = "<group>"; };
		83F8058E17AF6FCF005A492B /* DAVResponse.m */ = {isa = PBXFileReference; fileEncoding = 4; lastKnownFileType = sourcecode.c.objc; path = DAVResponse.m; sourceTree = "<group>"; };
		83F8058F17AF6FCF005A492B /* DELETEResponse.h */ = {isa = PBXFileReference; fileEncoding = 4; lastKnownFileType = sourcecode.c.h; path = DELETEResponse.h; sourceTree = "<group>"; };
		83F8059017AF6FCF005A492B /* DELETEResponse.m */ = {isa = PBXFileReference; fileEncoding = 4; lastKnownFileType = sourcecode.c.objc; path = DELETEResponse.m; sourceTree = "<group>"; };
		83F8059117AF6FCF005A492B /* PUTResponse.h */ = {isa = PBXFileReference; fileEncoding = 4; lastKnownFileType = sourcecode.c.h; path = PUTResponse.h; sourceTree = "<group>"; };
		83F8059217AF6FCF005A492B /* PUTResponse.m */ = {isa = PBXFileReference; fileEncoding = 4; lastKnownFileType = sourcecode.c.objc; path = PUTResponse.m; sourceTree = "<group>"; };
		83F8059317AF6FCF005A492B /* LICENSE.txt */ = {isa = PBXFileReference; fileEncoding = 4; lastKnownFileType = text; path = LICENSE.txt; sourceTree = "<group>"; };
		83F8059417AF6FCF005A492B /* README.markdown */ = {isa = PBXFileReference; fileEncoding = 4; lastKnownFileType = text; path = README.markdown; sourceTree = "<group>"; };
		83F8065917AF6FD1005A492B /* About.txt */ = {isa = PBXFileReference; fileEncoding = 4; lastKnownFileType = text; path = About.txt; sourceTree = "<group>"; };
		83F8065A17AF6FD1005A492B /* GCDAsyncSocket.h */ = {isa = PBXFileReference; fileEncoding = 4; lastKnownFileType = sourcecode.c.h; path = GCDAsyncSocket.h; sourceTree = "<group>"; };
		83F8065B17AF6FD1005A492B /* GCDAsyncSocket.m */ = {isa = PBXFileReference; fileEncoding = 4; lastKnownFileType = sourcecode.c.objc; path = GCDAsyncSocket.m; sourceTree = "<group>"; };
		83F8065D17AF6FD1005A492B /* About.txt */ = {isa = PBXFileReference; fileEncoding = 4; lastKnownFileType = text; path = About.txt; sourceTree = "<group>"; };
		83F8065E17AF6FD1005A492B /* DDAbstractDatabaseLogger.h */ = {isa = PBXFileReference; fileEncoding = 4; lastKnownFileType = sourcecode.c.h; path = DDAbstractDatabaseLogger.h; sourceTree = "<group>"; };
		83F8065F17AF6FD1005A492B /* DDAbstractDatabaseLogger.m */ = {isa = PBXFileReference; fileEncoding = 4; lastKnownFileType = sourcecode.c.objc; path = DDAbstractDatabaseLogger.m; sourceTree = "<group>"; };
		83F8066017AF6FD1005A492B /* DDASLLogger.h */ = {isa = PBXFileReference; fileEncoding = 4; lastKnownFileType = sourcecode.c.h; path = DDASLLogger.h; sourceTree = "<group>"; };
		83F8066117AF6FD1005A492B /* DDASLLogger.m */ = {isa = PBXFileReference; fileEncoding = 4; lastKnownFileType = sourcecode.c.objc; path = DDASLLogger.m; sourceTree = "<group>"; };
		83F8066217AF6FD1005A492B /* DDFileLogger.h */ = {isa = PBXFileReference; fileEncoding = 4; lastKnownFileType = sourcecode.c.h; path = DDFileLogger.h; sourceTree = "<group>"; };
		83F8066317AF6FD1005A492B /* DDFileLogger.m */ = {isa = PBXFileReference; fileEncoding = 4; lastKnownFileType = sourcecode.c.objc; path = DDFileLogger.m; sourceTree = "<group>"; };
		83F8066417AF6FD1005A492B /* DDLog.h */ = {isa = PBXFileReference; fileEncoding = 4; lastKnownFileType = sourcecode.c.h; path = DDLog.h; sourceTree = "<group>"; };
		83F8066517AF6FD1005A492B /* DDLog.m */ = {isa = PBXFileReference; fileEncoding = 4; lastKnownFileType = sourcecode.c.objc; path = DDLog.m; sourceTree = "<group>"; };
		83F8066617AF6FD1005A492B /* DDTTYLogger.h */ = {isa = PBXFileReference; fileEncoding = 4; lastKnownFileType = sourcecode.c.h; path = DDTTYLogger.h; sourceTree = "<group>"; };
		83F8066717AF6FD1005A492B /* DDTTYLogger.m */ = {isa = PBXFileReference; fileEncoding = 4; lastKnownFileType = sourcecode.c.objc; path = DDTTYLogger.m; sourceTree = "<group>"; };
		83F8066917AF6FD1005A492B /* ContextFilterLogFormatter.h */ = {isa = PBXFileReference; fileEncoding = 4; lastKnownFileType = sourcecode.c.h; path = ContextFilterLogFormatter.h; sourceTree = "<group>"; };
		83F8066A17AF6FD1005A492B /* ContextFilterLogFormatter.m */ = {isa = PBXFileReference; fileEncoding = 4; lastKnownFileType = sourcecode.c.objc; path = ContextFilterLogFormatter.m; sourceTree = "<group>"; };
		83F8066B17AF6FD1005A492B /* DispatchQueueLogFormatter.h */ = {isa = PBXFileReference; fileEncoding = 4; lastKnownFileType = sourcecode.c.h; path = DispatchQueueLogFormatter.h; sourceTree = "<group>"; };
		83F8066C17AF6FD1005A492B /* DispatchQueueLogFormatter.m */ = {isa = PBXFileReference; fileEncoding = 4; lastKnownFileType = sourcecode.c.objc; path = DispatchQueueLogFormatter.m; sourceTree = "<group>"; };
		83F8066D17AF6FD1005A492B /* README.txt */ = {isa = PBXFileReference; fileEncoding = 4; lastKnownFileType = text; path = README.txt; sourceTree = "<group>"; };
/* End PBXFileReference section */

/* Begin PBXFrameworksBuildPhase section */
		83676D7B17A64844008B88EF /* Frameworks */ = {
			isa = PBXFrameworksBuildPhase;
			buildActionMask = 2147483647;
			files = (
				8371A39017CDF5DA002DC13F /* Security.framework in Frameworks */,
				8371A38D17CDED0C002DC13F /* Cocoa.framework in Frameworks */,
				835DE7B717D6FE6500430263 /* Sparkle.framework in Frameworks */,
				8371A38C17CDECD8002DC13F /* libxml2.2.dylib in Frameworks */,
				83676DB617A65DC5008B88EF /* WebKit.framework in Frameworks */,
			);
			runOnlyForDeploymentPostprocessing = 0;
		};
		83676D9C17A64844008B88EF /* Frameworks */ = {
			isa = PBXFrameworksBuildPhase;
			buildActionMask = 2147483647;
			files = (
				83676DA217A64844008B88EF /* Cocoa.framework in Frameworks */,
				83676DA117A64844008B88EF /* XCTest.framework in Frameworks */,
			);
			runOnlyForDeploymentPostprocessing = 0;
		};
/* End PBXFrameworksBuildPhase section */

/* Begin PBXGroup section */
		8315746A17A8BC3200EB5CE0 /* MASShortcut */ = {
			isa = PBXGroup;
			children = (
				8315746B17A8BC3200EB5CE0 /* .gitignore */,
				8315746C17A8BC3200EB5CE0 /* LICENSE */,
				8315746D17A8BC3200EB5CE0 /* MASShortcut+Monitoring.h */,
				8315746E17A8BC3200EB5CE0 /* MASShortcut+Monitoring.m */,
				8315746F17A8BC3200EB5CE0 /* MASShortcut+UserDefaults.h */,
				8315747017A8BC3200EB5CE0 /* MASShortcut+UserDefaults.m */,
				8315747117A8BC3200EB5CE0 /* MASShortcut.h */,
				8315747217A8BC3200EB5CE0 /* MASShortcut.m */,
				8315747317A8BC3200EB5CE0 /* MASShortcutView+UserDefaults.h */,
				8315747417A8BC3200EB5CE0 /* MASShortcutView+UserDefaults.m */,
				8315747517A8BC3200EB5CE0 /* MASShortcutView.h */,
				8315747617A8BC3200EB5CE0 /* MASShortcutView.m */,
				8315747717A8BC3200EB5CE0 /* README.md */,
			);
			path = MASShortcut;
			sourceTree = SOURCE_ROOT;
		};
		83676D7517A64844008B88EF = {
			isa = PBXGroup;
			children = (
				83676D8717A64844008B88EF /* Weixin */,
				83676DA517A64844008B88EF /* WeixinTests */,
				83676D8017A64844008B88EF /* Frameworks */,
				83676D7F17A64844008B88EF /* Products */,
			);
			sourceTree = "<group>";
		};
		83676D7F17A64844008B88EF /* Products */ = {
			isa = PBXGroup;
			children = (
				83676D7E17A64844008B88EF /* Weixin.app */,
				83676D9F17A64844008B88EF /* WeixinTests.xctest */,
			);
			name = Products;
			sourceTree = "<group>";
		};
		83676D8017A64844008B88EF /* Frameworks */ = {
			isa = PBXGroup;
			children = (
				835DE7B617D6FE6500430263 /* Sparkle.framework */,
				8371A38F17CDF5DA002DC13F /* Security.framework */,
				8371A38B17CDECD8002DC13F /* libxml2.2.dylib */,
				83EB85E017B3744C00B2574D /* libxml2.dylib */,
				83676DB517A65DC5008B88EF /* WebKit.framework */,
				83676D8117A64844008B88EF /* Cocoa.framework */,
				83676DA017A64844008B88EF /* XCTest.framework */,
				83676D8317A64844008B88EF /* Other Frameworks */,
			);
			name = Frameworks;
			sourceTree = "<group>";
		};
		83676D8317A64844008B88EF /* Other Frameworks */ = {
			isa = PBXGroup;
			children = (
				83676D8417A64844008B88EF /* AppKit.framework */,
				83676D8517A64844008B88EF /* CoreData.framework */,
				83676D8617A64844008B88EF /* Foundation.framework */,
			);
			name = "Other Frameworks";
			sourceTree = "<group>";
		};
		83676D8717A64844008B88EF /* Weixin */ = {
			isa = PBXGroup;
			children = (
				83A3A72017D4AC5F0095426C /* Category */,
				8371A38E17CDEDBA002DC13F /* Extension */,
				832251AD17AA45FE0078694F /* AZThemeManager.h */,
				832251AE17AA45FE0078694F /* AZThemeManager.m */,
				83676D9317A64844008B88EF /* AZAppDelegate.h */,
				83676D9417A64844008B88EF /* AZAppDelegate.m */,
				83676D9617A64844008B88EF /* MainMenu.xib */,
				8315748017A8C99500EB5CE0 /* iTunes.h */,
				83676D9917A64844008B88EF /* Images.xcassets */,
				830D406A17AA0D9100ECA8A9 /* alipay-logo.png */,
				830D407217AA23A000ECA8A9 /* left.png */,
				830D407417AA23A800ECA8A9 /* right.png */,
				83676D8817A64844008B88EF /* Supporting Files */,
			);
			path = Weixin;
			sourceTree = "<group>";
		};
		83676D8817A64844008B88EF /* Supporting Files */ = {
			isa = PBXGroup;
			children = (
				83845BD217D7002B00F1C6F9 /* dsa_pub.pem */,
				835DE7B317D5D08A00430263 /* Cats.bpack */,
				83ABF34217D06DDF00C00BDE /* xiaodao.jpg */,
				8371A39117CF5556002DC13F /* The_Garden_of_Words.bpack */,
				83676D8917A64844008B88EF /* Weixin-Info.plist */,
				83676D8A17A64844008B88EF /* InfoPlist.strings */,
				83676D8D17A64844008B88EF /* main.m */,
				83676D8F17A64844008B88EF /* Weixin-Prefix.pch */,
				83676D9017A64844008B88EF /* Credits.rtf */,
				835DE7B517D5E40E00430263 /* local.js */,
			);
			name = "Supporting Files";
			sourceTree = "<group>";
		};
		83676DA517A64844008B88EF /* WeixinTests */ = {
			isa = PBXGroup;
			children = (
				83676DAB17A64844008B88EF /* WeixinTests.m */,
				83676DA617A64844008B88EF /* Supporting Files */,
			);
			path = WeixinTests;
			sourceTree = "<group>";
		};
		83676DA617A64844008B88EF /* Supporting Files */ = {
			isa = PBXGroup;
			children = (
				83676DA717A64844008B88EF /* WeixinTests-Info.plist */,
				83676DA817A64844008B88EF /* InfoPlist.strings */,
			);
			name = "Supporting Files";
			sourceTree = "<group>";
		};
		8371A38E17CDEDBA002DC13F /* Extension */ = {
			isa = PBXGroup;
			children = (
				83F8055E17AF6FCF005A492B /* CocoaHTTPServer */,
				8315746A17A8BC3200EB5CE0 /* MASShortcut */,
			);
			name = Extension;
			sourceTree = "<group>";
		};
		83A3A72017D4AC5F0095426C /* Category */ = {
			isa = PBXGroup;
			children = (
				83A3A72117D4AC940095426C /* NSButton+Style.h */,
				83A3A72217D4AC940095426C /* NSButton+Style.m */,
				835DE7B017D5B4E300430263 /* NSUserDefaults+IntValue.h */,
				835DE7B117D5B4E300430263 /* NSUserDefaults+IntValue.m */,
			);
			name = Category;
			sourceTree = "<group>";
		};
		83F8055E17AF6FCF005A492B /* CocoaHTTPServer */ = {
			isa = PBXGroup;
			children = (
				83F8055F17AF6FCF005A492B /* .gitignore */,
				83F8056017AF6FCF005A492B /* .hgignore */,
				83F8056117AF6FCF005A492B /* Core */,
				83F8058917AF6FCF005A492B /* Extensions */,
				83F8059317AF6FCF005A492B /* LICENSE.txt */,
				83F8059417AF6FCF005A492B /* README.markdown */,
				83F8065717AF6FD1005A492B /* Vendor */,
			);
			path = CocoaHTTPServer;
			sourceTree = SOURCE_ROOT;
		};
		83F8056117AF6FCF005A492B /* Core */ = {
			isa = PBXGroup;
			children = (
				83F8056217AF6FCF005A492B /* Categories */,
				83F8056917AF6FCF005A492B /* HTTPAuthenticationRequest.h */,
				83F8056A17AF6FCF005A492B /* HTTPAuthenticationRequest.m */,
				83F8056B17AF6FCF005A492B /* HTTPConnection.h */,
				83F8056C17AF6FCF005A492B /* HTTPConnection.m */,
				83F8056D17AF6FCF005A492B /* HTTPLogging.h */,
				83F8056E17AF6FCF005A492B /* HTTPMessage.h */,
				83F8056F17AF6FCF005A492B /* HTTPMessage.m */,
				83F8057017AF6FCF005A492B /* HTTPResponse.h */,
				83F8057117AF6FCF005A492B /* HTTPServer.h */,
				83F8057217AF6FCF005A492B /* HTTPServer.m */,
				83F8057317AF6FCF005A492B /* Mime */,
				83F8057A17AF6FCF005A492B /* Responses */,
				83F8058717AF6FCF005A492B /* WebSocket.h */,
				83F8058817AF6FCF005A492B /* WebSocket.m */,
			);
			path = Core;
			sourceTree = "<group>";
		};
		83F8056217AF6FCF005A492B /* Categories */ = {
			isa = PBXGroup;
			children = (
				83F8056317AF6FCF005A492B /* DDData.h */,
				83F8056417AF6FCF005A492B /* DDData.m */,
				83F8056517AF6FCF005A492B /* DDNumber.h */,
				83F8056617AF6FCF005A492B /* DDNumber.m */,
				83F8056717AF6FCF005A492B /* DDRange.h */,
				83F8056817AF6FCF005A492B /* DDRange.m */,
			);
			path = Categories;
			sourceTree = "<group>";
		};
		83F8057317AF6FCF005A492B /* Mime */ = {
			isa = PBXGroup;
			children = (
				83F8057417AF6FCF005A492B /* MultipartFormDataParser.h */,
				83F8057517AF6FCF005A492B /* MultipartFormDataParser.m */,
				83F8057617AF6FCF005A492B /* MultipartMessageHeader.h */,
				83F8057717AF6FCF005A492B /* MultipartMessageHeader.m */,
				83F8057817AF6FCF005A492B /* MultipartMessageHeaderField.h */,
				83F8057917AF6FCF005A492B /* MultipartMessageHeaderField.m */,
			);
			path = Mime;
			sourceTree = "<group>";
		};
		83F8057A17AF6FCF005A492B /* Responses */ = {
			isa = PBXGroup;
			children = (
				83F8057B17AF6FCF005A492B /* HTTPAsyncFileResponse.h */,
				83F8057C17AF6FCF005A492B /* HTTPAsyncFileResponse.m */,
				83F8057D17AF6FCF005A492B /* HTTPDataResponse.h */,
				83F8057E17AF6FCF005A492B /* HTTPDataResponse.m */,
				83F8057F17AF6FCF005A492B /* HTTPDynamicFileResponse.h */,
				83F8058017AF6FCF005A492B /* HTTPDynamicFileResponse.m */,
				83F8058117AF6FCF005A492B /* HTTPErrorResponse.h */,
				83F8058217AF6FCF005A492B /* HTTPErrorResponse.m */,
				83F8058317AF6FCF005A492B /* HTTPFileResponse.h */,
				83F8058417AF6FCF005A492B /* HTTPFileResponse.m */,
				83F8058517AF6FCF005A492B /* HTTPRedirectResponse.h */,
				83F8058617AF6FCF005A492B /* HTTPRedirectResponse.m */,
			);
			path = Responses;
			sourceTree = "<group>";
		};
		83F8058917AF6FCF005A492B /* Extensions */ = {
			isa = PBXGroup;
			children = (
				83F8058A17AF6FCF005A492B /* WebDAV */,
			);
			path = Extensions;
			sourceTree = "<group>";
		};
		83F8058A17AF6FCF005A492B /* WebDAV */ = {
			isa = PBXGroup;
			children = (
				83F8058B17AF6FCF005A492B /* DAVConnection.h */,
				83F8058C17AF6FCF005A492B /* DAVConnection.m */,
				83F8058D17AF6FCF005A492B /* DAVResponse.h */,
				83F8058E17AF6FCF005A492B /* DAVResponse.m */,
				83F8058F17AF6FCF005A492B /* DELETEResponse.h */,
				83F8059017AF6FCF005A492B /* DELETEResponse.m */,
				83F8059117AF6FCF005A492B /* PUTResponse.h */,
				83F8059217AF6FCF005A492B /* PUTResponse.m */,
			);
			path = WebDAV;
			sourceTree = "<group>";
		};
		83F8065717AF6FD1005A492B /* Vendor */ = {
			isa = PBXGroup;
			children = (
				83F8065817AF6FD1005A492B /* CocoaAsyncSocket */,
				83F8065C17AF6FD1005A492B /* CocoaLumberjack */,
			);
			path = Vendor;
			sourceTree = "<group>";
		};
		83F8065817AF6FD1005A492B /* CocoaAsyncSocket */ = {
			isa = PBXGroup;
			children = (
				83F8065917AF6FD1005A492B /* About.txt */,
				83F8065A17AF6FD1005A492B /* GCDAsyncSocket.h */,
				83F8065B17AF6FD1005A492B /* GCDAsyncSocket.m */,
			);
			path = CocoaAsyncSocket;
			sourceTree = "<group>";
		};
		83F8065C17AF6FD1005A492B /* CocoaLumberjack */ = {
			isa = PBXGroup;
			children = (
				83F8065D17AF6FD1005A492B /* About.txt */,
				83F8065E17AF6FD1005A492B /* DDAbstractDatabaseLogger.h */,
				83F8065F17AF6FD1005A492B /* DDAbstractDatabaseLogger.m */,
				83F8066017AF6FD1005A492B /* DDASLLogger.h */,
				83F8066117AF6FD1005A492B /* DDASLLogger.m */,
				83F8066217AF6FD1005A492B /* DDFileLogger.h */,
				83F8066317AF6FD1005A492B /* DDFileLogger.m */,
				83F8066417AF6FD1005A492B /* DDLog.h */,
				83F8066517AF6FD1005A492B /* DDLog.m */,
				83F8066617AF6FD1005A492B /* DDTTYLogger.h */,
				83F8066717AF6FD1005A492B /* DDTTYLogger.m */,
				83F8066817AF6FD1005A492B /* Extensions */,
			);
			path = CocoaLumberjack;
			sourceTree = "<group>";
		};
		83F8066817AF6FD1005A492B /* Extensions */ = {
			isa = PBXGroup;
			children = (
				83F8066917AF6FD1005A492B /* ContextFilterLogFormatter.h */,
				83F8066A17AF6FD1005A492B /* ContextFilterLogFormatter.m */,
				83F8066B17AF6FD1005A492B /* DispatchQueueLogFormatter.h */,
				83F8066C17AF6FD1005A492B /* DispatchQueueLogFormatter.m */,
				83F8066D17AF6FD1005A492B /* README.txt */,
			);
			path = Extensions;
			sourceTree = "<group>";
		};
/* End PBXGroup section */

/* Begin PBXNativeTarget section */
		83676D7D17A64844008B88EF /* Weixin */ = {
			isa = PBXNativeTarget;
			buildConfigurationList = 83676DAF17A64844008B88EF /* Build configuration list for PBXNativeTarget "Weixin" */;
			buildPhases = (
				83676D7A17A64844008B88EF /* Sources */,
				83676D7B17A64844008B88EF /* Frameworks */,
				83676D7C17A64844008B88EF /* Resources */,
				83845BD017D6FF6B00F1C6F9 /* CopyFiles */,
			);
			buildRules = (
			);
			dependencies = (
			);
			name = Weixin;
			productName = Weixin;
			productReference = 83676D7E17A64844008B88EF /* Weixin.app */;
			productType = "com.apple.product-type.application";
		};
		83676D9E17A64844008B88EF /* WeixinTests */ = {
			isa = PBXNativeTarget;
			buildConfigurationList = 83676DB217A64844008B88EF /* Build configuration list for PBXNativeTarget "WeixinTests" */;
			buildPhases = (
				83676D9B17A64844008B88EF /* Sources */,
				83676D9C17A64844008B88EF /* Frameworks */,
				83676D9D17A64844008B88EF /* Resources */,
			);
			buildRules = (
			);
			dependencies = (
				83676DA417A64844008B88EF /* PBXTargetDependency */,
			);
			name = WeixinTests;
			productName = WeixinTests;
			productReference = 83676D9F17A64844008B88EF /* WeixinTests.xctest */;
			productType = "com.apple.product-type.bundle.unit-test";
		};
/* End PBXNativeTarget section */

/* Begin PBXProject section */
		83676D7617A64844008B88EF /* Project object */ = {
			isa = PBXProject;
			attributes = {
				CLASSPREFIX = AZ;
				LastUpgradeCheck = 0500;
				ORGANIZATIONNAME = iAladdin;
				TargetAttributes = {
					83676D9E17A64844008B88EF = {
						TestTargetID = 83676D7D17A64844008B88EF;
					};
				};
			};
			buildConfigurationList = 83676D7917A64844008B88EF /* Build configuration list for PBXProject "Weixin" */;
			compatibilityVersion = "Xcode 3.2";
			developmentRegion = English;
			hasScannedForEncodings = 0;
			knownRegions = (
				en,
				Base,
				English,
			);
			mainGroup = 83676D7517A64844008B88EF;
			productRefGroup = 83676D7F17A64844008B88EF /* Products */;
			projectDirPath = "";
			projectRoot = "";
			targets = (
				83676D7D17A64844008B88EF /* Weixin */,
				83676D9E17A64844008B88EF /* WeixinTests */,
			);
		};
/* End PBXProject section */

/* Begin PBXResourcesBuildPhase section */
		83676D7C17A64844008B88EF /* Resources */ = {
			isa = PBXResourcesBuildPhase;
			buildActionMask = 2147483647;
			files = (
				832643D317D9CF130080228D /* local.js in Resources */,
				83F806EC17AF6FD1005A492B /* README.txt in Resources */,
				8315747917A8BC3200EB5CE0 /* LICENSE in Resources */,
				830D406B17AA0D9100ECA8A9 /* alipay-logo.png in Resources */,
				83F806E417AF6FD1005A492B /* About.txt in Resources */,
				830D407517AA23A800ECA8A9 /* right.png in Resources */,
				83845BD317D7002B00F1C6F9 /* dsa_pub.pem in Resources */,
				8315747817A8BC3200EB5CE0 /* .gitignore in Resources */,
				83F806E217AF6FD1005A492B /* About.txt in Resources */,
				83676D8C17A64844008B88EF /* InfoPlist.strings in Resources */,
				83F8066F17AF6FD1005A492B /* .hgignore in Resources */,
				8315747F17A8BC3200EB5CE0 /* README.md in Resources */,
				830D407317AA23A000ECA8A9 /* left.png in Resources */,
				83F8066E17AF6FD1005A492B /* .gitignore in Resources */,
				83ABF34317D06DDF00C00BDE /* xiaodao.jpg in Resources */,
				83676D9A17A64844008B88EF /* Images.xcassets in Resources */,
				8371A39217CF5556002DC13F /* The_Garden_of_Words.bpack in Resources */,
				83F8068517AF6FD1005A492B /* LICENSE.txt in Resources */,
				83676D9217A64844008B88EF /* Credits.rtf in Resources */,
				83676D9817A64844008B88EF /* MainMenu.xib in Resources */,
				83F8068617AF6FD1005A492B /* README.markdown in Resources */,
			);
			runOnlyForDeploymentPostprocessing = 0;
		};
		83676D9D17A64844008B88EF /* Resources */ = {
			isa = PBXResourcesBuildPhase;
			buildActionMask = 2147483647;
			files = (
				83676DAA17A64844008B88EF /* InfoPlist.strings in Resources */,
			);
			runOnlyForDeploymentPostprocessing = 0;
		};
/* End PBXResourcesBuildPhase section */

/* Begin PBXSourcesBuildPhase section */
		83676D7A17A64844008B88EF /* Sources */ = {
			isa = PBXSourcesBuildPhase;
			buildActionMask = 2147483647;
			files = (
				83E5562117AA57B800872BD9 /* AZThemeManager.m in Sources */,
				83F8068317AF6FD1005A492B /* DELETEResponse.m in Sources */,
				83F8068017AF6FD1005A492B /* WebSocket.m in Sources */,
				83F8067717AF6FD1005A492B /* MultipartFormDataParser.m in Sources */,
				83F8067F17AF6FD1005A492B /* HTTPRedirectResponse.m in Sources */,
				83F806E317AF6FD1005A492B /* GCDAsyncSocket.m in Sources */,
				83F806EB17AF6FD1005A492B /* DispatchQueueLogFormatter.m in Sources */,
				83F8067817AF6FD1005A492B /* MultipartMessageHeader.m in Sources */,
				8315747B17A8BC3200EB5CE0 /* MASShortcut+UserDefaults.m in Sources */,
				8315747C17A8BC3200EB5CE0 /* MASShortcut.m in Sources */,
				83F806E617AF6FD1005A492B /* DDASLLogger.m in Sources */,
				83F8067C17AF6FD1005A492B /* HTTPDynamicFileResponse.m in Sources */,
				83F8067317AF6FD1005A492B /* HTTPAuthenticationRequest.m in Sources */,
				83F8067217AF6FD1005A492B /* DDRange.m in Sources */,
				83F8067017AF6FD1005A492B /* DDData.m in Sources */,
				83F8068417AF6FD1005A492B /* PUTResponse.m in Sources */,
				83F8067E17AF6FD1005A492B /* HTTPFileResponse.m in Sources */,
				83676D8E17A64844008B88EF /* main.m in Sources */,
				83F8068117AF6FD1005A492B /* DAVConnection.m in Sources */,
				83F8068217AF6FD1005A492B /* DAVResponse.m in Sources */,
				8315747D17A8BC3200EB5CE0 /* MASShortcutView+UserDefaults.m in Sources */,
				83F8067917AF6FD1005A492B /* MultipartMessageHeaderField.m in Sources */,
				83F8067A17AF6FD1005A492B /* HTTPAsyncFileResponse.m in Sources */,
				8315747E17A8BC3200EB5CE0 /* MASShortcutView.m in Sources */,
				83F8067617AF6FD1005A492B /* HTTPServer.m in Sources */,
				83F8067417AF6FD1005A492B /* HTTPConnection.m in Sources */,
				83676D9517A64844008B88EF /* AZAppDelegate.m in Sources */,
				83F806E917AF6FD1005A492B /* DDTTYLogger.m in Sources */,
				83F8067117AF6FD1005A492B /* DDNumber.m in Sources */,
				835DE7B217D5B4E300430263 /* NSUserDefaults+IntValue.m in Sources */,
				83F806E717AF6FD1005A492B /* DDFileLogger.m in Sources */,
				83A3A72317D4AC940095426C /* NSButton+Style.m in Sources */,
				8315747A17A8BC3200EB5CE0 /* MASShortcut+Monitoring.m in Sources */,
				83F8067D17AF6FD1005A492B /* HTTPErrorResponse.m in Sources */,
				83F8067B17AF6FD1005A492B /* HTTPDataResponse.m in Sources */,
				83F806E817AF6FD1005A492B /* DDLog.m in Sources */,
				83F806EA17AF6FD1005A492B /* ContextFilterLogFormatter.m in Sources */,
				83F806E517AF6FD1005A492B /* DDAbstractDatabaseLogger.m in Sources */,
				83F8067517AF6FD1005A492B /* HTTPMessage.m in Sources */,
			);
			runOnlyForDeploymentPostprocessing = 0;
		};
		83676D9B17A64844008B88EF /* Sources */ = {
			isa = PBXSourcesBuildPhase;
			buildActionMask = 2147483647;
			files = (
				83676DAC17A64844008B88EF /* WeixinTests.m in Sources */,
			);
			runOnlyForDeploymentPostprocessing = 0;
		};
/* End PBXSourcesBuildPhase section */

/* Begin PBXTargetDependency section */
		83676DA417A64844008B88EF /* PBXTargetDependency */ = {
			isa = PBXTargetDependency;
			target = 83676D7D17A64844008B88EF /* Weixin */;
			targetProxy = 83676DA317A64844008B88EF /* PBXContainerItemProxy */;
		};
/* End PBXTargetDependency section */

/* Begin PBXVariantGroup section */
		83676D8A17A64844008B88EF /* InfoPlist.strings */ = {
			isa = PBXVariantGroup;
			children = (
				83676D8B17A64844008B88EF /* en */,
			);
			name = InfoPlist.strings;
			sourceTree = "<group>";
		};
		83676D9017A64844008B88EF /* Credits.rtf */ = {
			isa = PBXVariantGroup;
			children = (
				83676D9117A64844008B88EF /* en */,
			);
			name = Credits.rtf;
			sourceTree = "<group>";
		};
		83676D9617A64844008B88EF /* MainMenu.xib */ = {
			isa = PBXVariantGroup;
			children = (
				83676D9717A64844008B88EF /* Base */,
			);
			name = MainMenu.xib;
			sourceTree = "<group>";
		};
		83676DA817A64844008B88EF /* InfoPlist.strings */ = {
			isa = PBXVariantGroup;
			children = (
				83676DA917A64844008B88EF /* en */,
			);
			name = InfoPlist.strings;
			sourceTree = "<group>";
		};
/* End PBXVariantGroup section */

/* Begin XCBuildConfiguration section */
		83676DAD17A64844008B88EF /* Debug */ = {
			isa = XCBuildConfiguration;
			buildSettings = {
				ALWAYS_SEARCH_USER_PATHS = NO;
				CLANG_CXX_LANGUAGE_STANDARD = "gnu++0x";
				CLANG_CXX_LIBRARY = "libc++";
				CLANG_ENABLE_MODULES = YES;
				CLANG_ENABLE_OBJC_ARC = YES;
				CLANG_WARN_BOOL_CONVERSION = YES;
				CLANG_WARN_CONSTANT_CONVERSION = YES;
				CLANG_WARN_DIRECT_OBJC_ISA_USAGE = YES_ERROR;
				CLANG_WARN_EMPTY_BODY = YES;
				CLANG_WARN_ENUM_CONVERSION = YES;
				CLANG_WARN_INT_CONVERSION = YES;
				CLANG_WARN_OBJC_ROOT_CLASS = YES_ERROR;
				CLANG_WARN__DUPLICATE_METHOD_MATCH = YES;
				COPY_PHASE_STRIP = NO;
				GCC_C_LANGUAGE_STANDARD = gnu99;
				GCC_DYNAMIC_NO_PIC = NO;
				GCC_ENABLE_OBJC_EXCEPTIONS = YES;
				GCC_OPTIMIZATION_LEVEL = 0;
				GCC_PREPROCESSOR_DEFINITIONS = (
					"DEBUG=1",
					"$(inherited)",
				);
				GCC_SYMBOLS_PRIVATE_EXTERN = NO;
				GCC_WARN_64_TO_32_BIT_CONVERSION = YES;
				GCC_WARN_ABOUT_RETURN_TYPE = YES_ERROR;
				GCC_WARN_UNDECLARED_SELECTOR = YES;
				GCC_WARN_UNINITIALIZED_AUTOS = YES;
				GCC_WARN_UNUSED_FUNCTION = YES;
				GCC_WARN_UNUSED_VARIABLE = YES;
				MACOSX_DEPLOYMENT_TARGET = 10.9;
				ONLY_ACTIVE_ARCH = YES;
				SDKROOT = macosx;
			};
			name = Debug;
		};
		83676DAE17A64844008B88EF /* Release */ = {
			isa = XCBuildConfiguration;
			buildSettings = {
				ALWAYS_SEARCH_USER_PATHS = NO;
				CLANG_CXX_LANGUAGE_STANDARD = "gnu++0x";
				CLANG_CXX_LIBRARY = "libc++";
				CLANG_ENABLE_MODULES = YES;
				CLANG_ENABLE_OBJC_ARC = YES;
				CLANG_WARN_BOOL_CONVERSION = YES;
				CLANG_WARN_CONSTANT_CONVERSION = YES;
				CLANG_WARN_DIRECT_OBJC_ISA_USAGE = YES_ERROR;
				CLANG_WARN_EMPTY_BODY = YES;
				CLANG_WARN_ENUM_CONVERSION = YES;
				CLANG_WARN_INT_CONVERSION = YES;
				CLANG_WARN_OBJC_ROOT_CLASS = YES_ERROR;
				CLANG_WARN__DUPLICATE_METHOD_MATCH = YES;
				COPY_PHASE_STRIP = YES;
				DEBUG_INFORMATION_FORMAT = "dwarf-with-dsym";
				ENABLE_NS_ASSERTIONS = NO;
				GCC_C_LANGUAGE_STANDARD = gnu99;
				GCC_ENABLE_OBJC_EXCEPTIONS = YES;
				GCC_WARN_64_TO_32_BIT_CONVERSION = YES;
				GCC_WARN_ABOUT_RETURN_TYPE = YES_ERROR;
				GCC_WARN_UNDECLARED_SELECTOR = YES;
				GCC_WARN_UNINITIALIZED_AUTOS = YES;
				GCC_WARN_UNUSED_FUNCTION = YES;
				GCC_WARN_UNUSED_VARIABLE = YES;
				MACOSX_DEPLOYMENT_TARGET = 10.9;
				SDKROOT = macosx;
			};
			name = Release;
		};
		83676DB017A64844008B88EF /* Debug */ = {
			isa = XCBuildConfiguration;
			buildSettings = {
				ALWAYS_SEARCH_USER_PATHS = YES;
				ARCHS = "$(ARCHS_STANDARD_32_64_BIT)";
				ASSETCATALOG_COMPILER_APPICON_NAME = AppIcon;
				COMBINE_HIDPI_IMAGES = YES;
				FRAMEWORK_SEARCH_PATHS = (
					"$(inherited)",
					/Workspace/Mac/Weixin,
				);
				GCC_PRECOMPILE_PREFIX_HEADER = YES;
				GCC_PREFIX_HEADER = "Weixin/Weixin-Prefix.pch";
				GCC_VERSION = com.apple.compilers.llvm.clang.1_0;
				HEADER_SEARCH_PATHS = "$(SDKROOT)/usr/include/libxml2";
				INFOPLIST_FILE = "Weixin/Weixin-Info.plist";
				MACOSX_DEPLOYMENT_TARGET = 10.7;
				PRODUCT_NAME = "$(TARGET_NAME)";
				WRAPPER_EXTENSION = app;
			};
			name = Debug;
		};
		83676DB117A64844008B88EF /* Release */ = {
			isa = XCBuildConfiguration;
			buildSettings = {
				ALWAYS_SEARCH_USER_PATHS = YES;
				ARCHS = "$(ARCHS_STANDARD_32_64_BIT)";
				ASSETCATALOG_COMPILER_APPICON_NAME = AppIcon;
				COMBINE_HIDPI_IMAGES = YES;
				FRAMEWORK_SEARCH_PATHS = (
					"$(inherited)",
					/Workspace/Mac/Weixin,
				);
				GCC_PRECOMPILE_PREFIX_HEADER = YES;
				GCC_PREFIX_HEADER = "Weixin/Weixin-Prefix.pch";
				GCC_VERSION = com.apple.compilers.llvm.clang.1_0;
				HEADER_SEARCH_PATHS = "$(SDKROOT)/usr/include/libxml2";
				INFOPLIST_FILE = "Weixin/Weixin-Info.plist";
				MACOSX_DEPLOYMENT_TARGET = 10.7;
				PRODUCT_NAME = "$(TARGET_NAME)";
				WRAPPER_EXTENSION = app;
			};
			name = Release;
		};
		83676DB317A64844008B88EF /* Debug */ = {
			isa = XCBuildConfiguration;
			buildSettings = {
				BUNDLE_LOADER = "$(BUILT_PRODUCTS_DIR)/Weixin.app/Contents/MacOS/Weixin";
				COMBINE_HIDPI_IMAGES = YES;
				FRAMEWORK_SEARCH_PATHS = (
					"$(DEVELOPER_FRAMEWORKS_DIR)",
					"$(inherited)",
				);
				GCC_PRECOMPILE_PREFIX_HEADER = YES;
				GCC_PREFIX_HEADER = "Weixin/Weixin-Prefix.pch";
				GCC_PREPROCESSOR_DEFINITIONS = (
					"DEBUG=1",
					"$(inherited)",
				);
				INFOPLIST_FILE = "WeixinTests/WeixinTests-Info.plist";
				PRODUCT_NAME = "$(TARGET_NAME)";
				TEST_HOST = "$(BUNDLE_LOADER)";
				WRAPPER_EXTENSION = xctest;
			};
			name = Debug;
		};
		83676DB417A64844008B88EF /* Release */ = {
			isa = XCBuildConfiguration;
			buildSettings = {
				BUNDLE_LOADER = "$(BUILT_PRODUCTS_DIR)/Weixin.app/Contents/MacOS/Weixin";
				COMBINE_HIDPI_IMAGES = YES;
				FRAMEWORK_SEARCH_PATHS = (
					"$(DEVELOPER_FRAMEWORKS_DIR)",
					"$(inherited)",
				);
				GCC_PRECOMPILE_PREFIX_HEADER = YES;
				GCC_PREFIX_HEADER = "Weixin/Weixin-Prefix.pch";
				INFOPLIST_FILE = "WeixinTests/WeixinTests-Info.plist";
				PRODUCT_NAME = "$(TARGET_NAME)";
				TEST_HOST = "$(BUNDLE_LOADER)";
				WRAPPER_EXTENSION = xctest;
			};
			name = Release;
		};
/* End XCBuildConfiguration section */

/* Begin XCConfigurationList section */
		83676D7917A64844008B88EF /* Build configuration list for PBXProject "Weixin" */ = {
			isa = XCConfigurationList;
			buildConfigurations = (
				83676DAD17A64844008B88EF /* Debug */,
				83676DAE17A64844008B88EF /* Release */,
			);
			defaultConfigurationIsVisible = 0;
			defaultConfigurationName = Release;
		};
		83676DAF17A64844008B88EF /* Build configuration list for PBXNativeTarget "Weixin" */ = {
			isa = XCConfigurationList;
			buildConfigurations = (
				83676DB017A64844008B88EF /* Debug */,
				83676DB117A64844008B88EF /* Release */,
			);
			defaultConfigurationIsVisible = 0;
			defaultConfigurationName = Release;
		};
		83676DB217A64844008B88EF /* Build configuration list for PBXNativeTarget "WeixinTests" */ = {
			isa = XCConfigurationList;
			buildConfigurations = (
				83676DB317A64844008B88EF /* Debug */,
				83676DB417A64844008B88EF /* Release */,
			);
			defaultConfigurationIsVisible = 0;
			defaultConfigurationName = Release;
		};
/* End XCConfigurationList section */
	};
	rootObject = 83676D7617A64844008B88EF /* Project object */;
}
